
Microsoft Visual Studio Solution File, Format Version 11.00
# Visual Studio 2010
Project("{8BC9CEB8-8B4A-11D0-8D11-00A0C91BC942}") = "4to8", "4to8\4to8.vcxproj", "{3AA334E2-02BE-4CA6-BBB7-8C1E8C40E34F}"
EndProject
Project("{8BC9CEB8-8B4A-11D0-8D11-00A0C91BC942}") = "8088", "8088\8088.vcxproj", "{E826CBD1-D42C-4CDF-B8D7-7A71C1267ED9}"
EndProject
Project("{8BC9CEB8-8B4A-11D0-8D11-00A0C91BC942}") = "keyboard", "8088\arduino_keyboard\keyboard\keyboard.vcxproj", "{1F483CB5-3767-41E6-BC98-81C575AAA53C}"
EndProject
Project("{8BC9CEB8-8B4A-11D0-8D11-00A0C91BC942}") = "run", "8088\arduino_keyboard\run\run.vcxproj", "{C084D4AD-2B12-41F4-93F8-4E8A510525AC}"
EndProject
Project("{2150E333-8FDC-42A3-9474-1A3956D46DE8}") = "8088", "8088", "{18E8C75D-C94D-4008-908B-639F55ED303C}"
EndProject
Project("{2150E333-8FDC-42A3-9474-1A3956D46DE8}") = "arduino_keyboard", "arduino_keyboard", "{59782610-CD01-4B2F-8041-8C3A6BB145C9}"
EndProject
Project("{8BC9CEB8-8B4A-11D0-8D11-00A0C91BC942}") = "send", "8088\arduino_keyboard\send\send.vcxproj", "{242774A1-B691-41E1-A985-8BAB0330DBD4}"
EndProject
Project("{2150E333-8FDC-42A3-9474-1A3956D46DE8}") = "demo", "demo", "{BF96279A-FA3C-4FDB-B110-3B9EC5A0C13F}"
EndProject
Project("{2150E333-8FDC-42A3-9474-1A3956D46DE8}") = "cga", "cga", "{7CEFC356-7114-4736-BFB4-CC3E6C64F68B}"
EndProject
Project("{8BC9CEB8-8B4A-11D0-8D11-00A0C91BC942}") = "attribute_clash", "8088\demo\cga\attribute_clash\attribute_clash.vcxproj", "{4BD8BCBB-F060-4D32-9174-09B34BB4DCE7}"
EndProject
Project("{8BC9CEB8-8B4A-11D0-8D11-00A0C91BC942}") = "raster", "8088\demo\cga\raster\raster.vcxproj", "{C7277E98-96F7-474C-8827-62E37037A35E}"
EndProject
Project("{8BC9CEB8-8B4A-11D0-8D11-00A0C91BC942}") = "particles", "8088\demo\particles\particles.vcxproj", "{2A9A2326-C724-4EF6-B2F4-5F1BFA271E74}"
EndProject
Project("{8BC9CEB8-8B4A-11D0-8D11-00A0C91BC942}") = "sanxion", "8088\demo\sanxion\sanxion.vcxproj", "{73F595C2-374E-4BB3-921B-68FEBD86B2D6}"
EndProject
Project("{8BC9CEB8-8B4A-11D0-8D11-00A0C91BC942}") = "bin_to_hex", "8088\dos\bin_to_hex\bin_to_hex.vcxproj", "{B61C54A3-3A69-4C03-9F88-85D9D5C93D67}"
EndProject
Project("{8BC9CEB8-8B4A-11D0-8D11-00A0C91BC942}") = "decode", "8088\hd\decode\decode.vcxproj", "{4258A5B9-5A71-4A16-B59C-E6CE8C37CFB5}"
EndProject
Project("{8BC9CEB8-8B4A-11D0-8D11-00A0C91BC942}") = "unescape", "8088\rip_rom\unescape\unescape.vcxproj", "{5FD75DA1-2A86-4A37-9BA1-3975B865A6BD}"
EndProject
Project("{8BC9CEB8-8B4A-11D0-8D11-00A0C91BC942}") = "run", "8088\serial\run\run.vcxproj", "{86219B7D-36F6-4579-A74A-5AAA2F9B6A08}"
EndProject
Project("{8BC9CEB8-8B4A-11D0-8D11-00A0C91BC942}") = "codec", "codec\codec.vcxproj", "{97D79479-6BF5-4664-B3FC-C23009B4538B}"
EndProject
Project("{8BC9CEB8-8B4A-11D0-8D11-00A0C91BC942}") = "collage", "collage\collage.vcxproj", "{FE25EFE2-ACAE-4A6C-91D2-4EE14B008428}"
EndProject
Project("{8BC9CEB8-8B4A-11D0-8D11-00A0C91BC942}") = "crc32", "crc32\crc32.vcxproj", "{842325C1-5020-4DB2-AC0A-D420EE9B9A1D}"
EndProject
Project("{8BC9CEB8-8B4A-11D0-8D11-00A0C91BC942}") = "euclids_orchard", "euclids_orchard\euclids_orchard.vcxproj", "{4B02176B-F5DF-4AA9-B18A-8D1868A95652}"
EndProject
Project("{8BC9CEB8-8B4A-11D0-8D11-00A0C91BC942}") = "bif", "fractals\bif\bif.vcxproj", "{E8F23C9F-B29C-4E97-B71C-AE37A891FB5C}"
EndProject
Project("{8BC9CEB8-8B4A-11D0-8D11-00A0C91BC942}") = "image_resample", "image_resample\image_resample.vcxproj", "{D45E5450-9228-4465-AE6A-201BB35CC6F5}"
EndProject
Project("{2150E333-8FDC-42A3-9474-1A3956D46DE8}") = "intervals", "intervals", "{765E3059-3ADA-4653-9901-203DAFBE85F7}"
EndProject
Project("{8BC9CEB8-8B4A-11D0-8D11-00A0C91BC942}") = "simulator", "intervals\simulator\simulator.vcxproj", "{4F6BDFD0-6248-4831-9637-4D6DF6A3C4B8}"
EndProject
Project("{8BC9CEB8-8B4A-11D0-8D11-00A0C91BC942}") = "simulator2", "intervals\simulator\simulator2.vcxproj", "{0D61EFC8-4450-4CEE-A566-3942219A775E}"
EndProject
Project("{8BC9CEB8-8B4A-11D0-8D11-00A0C91BC942}") = "multifunction", "multifunction\multifunction.vcxproj", "{AC1CF640-85DE-4BDC-9605-4B735256596F}"
EndProject
Project("{8BC9CEB8-8B4A-11D0-8D11-00A0C91BC942}") = "perceptual", "perceptual\perceptual.vcxproj", "{AF328955-6AB7-4DFC-A91C-0593C22C0EA8}"
EndProject
Project("{8BC9CEB8-8B4A-11D0-8D11-00A0C91BC942}") = "primes", "primes\primes.vcxproj", "{7E617423-44E1-41F1-9E35-6B022707351D}"
EndProject
Project("{8BC9CEB8-8B4A-11D0-8D11-00A0C91BC942}") = "run_random", "run_random\run_random.vcxproj", "{68D276FE-BCD5-45D7-A3FF-1432CD3C7A8C}"
EndProject
Project("{8BC9CEB8-8B4A-11D0-8D11-00A0C91BC942}") = "debugger", "tone_matrix\debugger\debugger.vcxproj", "{04EF0B49-3123-472B-9018-03F8DC338D8A}"
EndProject
Project("{8BC9CEB8-8B4A-11D0-8D11-00A0C91BC942}") = "Unity", "Unity\Unity.vcxproj", "{14BF9B1F-B252-4482-A0C6-2E3959E40850}"
EndProject
Global
	GlobalSection(SolutionConfigurationPlatforms) = preSolution
		Debug|Win32 = Debug|Win32
		Debug|x64 = Debug|x64
		Release|Win32 = Release|Win32
		Release|x64 = Release|x64
	EndGlobalSection
	GlobalSection(ProjectConfigurationPlatforms) = postSolution
		{3AA334E2-02BE-4CA6-BBB7-8C1E8C40E34F}.Debug|Win32.ActiveCfg = Debug|Win32
		{3AA334E2-02BE-4CA6-BBB7-8C1E8C40E34F}.Debug|Win32.Build.0 = Debug|Win32
		{3AA334E2-02BE-4CA6-BBB7-8C1E8C40E34F}.Debug|x64.ActiveCfg = Debug|Win32
		{3AA334E2-02BE-4CA6-BBB7-8C1E8C40E34F}.Release|Win32.ActiveCfg = Release|Win32
		{3AA334E2-02BE-4CA6-BBB7-8C1E8C40E34F}.Release|Win32.Build.0 = Release|Win32
		{3AA334E2-02BE-4CA6-BBB7-8C1E8C40E34F}.Release|x64.ActiveCfg = Release|Win32
		{E826CBD1-D42C-4CDF-B8D7-7A71C1267ED9}.Debug|Win32.ActiveCfg = Debug|Win32
		{E826CBD1-D42C-4CDF-B8D7-7A71C1267ED9}.Debug|Win32.Build.0 = Debug|Win32
		{E826CBD1-D42C-4CDF-B8D7-7A71C1267ED9}.Debug|x64.ActiveCfg = Debug|Win32
		{E826CBD1-D42C-4CDF-B8D7-7A71C1267ED9}.Release|Win32.ActiveCfg = Release|Win32
		{E826CBD1-D42C-4CDF-B8D7-7A71C1267ED9}.Release|Win32.Build.0 = Release|Win32
		{E826CBD1-D42C-4CDF-B8D7-7A71C1267ED9}.Release|x64.ActiveCfg = Release|Win32
		{1F483CB5-3767-41E6-BC98-81C575AAA53C}.Debug|Win32.ActiveCfg = Debug|Win32
		{1F483CB5-3767-41E6-BC98-81C575AAA53C}.Debug|Win32.Build.0 = Debug|Win32
		{1F483CB5-3767-41E6-BC98-81C575AAA53C}.Debug|x64.ActiveCfg = Debug|Win32
		{1F483CB5-3767-41E6-BC98-81C575AAA53C}.Release|Win32.ActiveCfg = Release|Win32
		{1F483CB5-3767-41E6-BC98-81C575AAA53C}.Release|Win32.Build.0 = Release|Win32
		{1F483CB5-3767-41E6-BC98-81C575AAA53C}.Release|x64.ActiveCfg = Release|Win32
		{C084D4AD-2B12-41F4-93F8-4E8A510525AC}.Debug|Win32.ActiveCfg = Debug|Win32
		{C084D4AD-2B12-41F4-93F8-4E8A510525AC}.Debug|Win32.Build.0 = Debug|Win32
		{C084D4AD-2B12-41F4-93F8-4E8A510525AC}.Debug|x64.ActiveCfg = Debug|Win32
		{C084D4AD-2B12-41F4-93F8-4E8A510525AC}.Release|Win32.ActiveCfg = Release|Win32
		{C084D4AD-2B12-41F4-93F8-4E8A510525AC}.Release|Win32.Build.0 = Release|Win32
		{C084D4AD-2B12-41F4-93F8-4E8A510525AC}.Release|x64.ActiveCfg = Release|Win32
		{242774A1-B691-41E1-A985-8BAB0330DBD4}.Debug|Win32.ActiveCfg = Debug|Win32
		{242774A1-B691-41E1-A985-8BAB0330DBD4}.Debug|Win32.Build.0 = Debug|Win32
		{242774A1-B691-41E1-A985-8BAB0330DBD4}.Debug|x64.ActiveCfg = Debug|Win32
		{242774A1-B691-41E1-A985-8BAB0330DBD4}.Release|Win32.ActiveCfg = Release|Win32
		{242774A1-B691-41E1-A985-8BAB0330DBD4}.Release|Win32.Build.0 = Release|Win32
		{242774A1-B691-41E1-A985-8BAB0330DBD4}.Release|x64.ActiveCfg = Release|Win32
		{4BD8BCBB-F060-4D32-9174-09B34BB4DCE7}.Debug|Win32.ActiveCfg = Debug|Win32
		{4BD8BCBB-F060-4D32-9174-09B34BB4DCE7}.Debug|Win32.Build.0 = Debug|Win32
		{4BD8BCBB-F060-4D32-9174-09B34BB4DCE7}.Debug|x64.ActiveCfg = Debug|Win32
		{4BD8BCBB-F060-4D32-9174-09B34BB4DCE7}.Release|Win32.ActiveCfg = Release|Win32
		{4BD8BCBB-F060-4D32-9174-09B34BB4DCE7}.Release|Win32.Build.0 = Release|Win32
		{4BD8BCBB-F060-4D32-9174-09B34BB4DCE7}.Release|x64.ActiveCfg = Release|Win32
		{C7277E98-96F7-474C-8827-62E37037A35E}.Debug|Win32.ActiveCfg = Debug|Win32
		{C7277E98-96F7-474C-8827-62E37037A35E}.Debug|Win32.Build.0 = Debug|Win32
		{C7277E98-96F7-474C-8827-62E37037A35E}.Debug|x64.ActiveCfg = Debug|Win32
		{C7277E98-96F7-474C-8827-62E37037A35E}.Release|Win32.ActiveCfg = Release|Win32
		{C7277E98-96F7-474C-8827-62E37037A35E}.Release|Win32.Build.0 = Release|Win32
		{C7277E98-96F7-474C-8827-62E37037A35E}.Release|x64.ActiveCfg = Release|Win32
		{2A9A2326-C724-4EF6-B2F4-5F1BFA271E74}.Debug|Win32.ActiveCfg = Debug|Win32
		{2A9A2326-C724-4EF6-B2F4-5F1BFA271E74}.Debug|Win32.Build.0 = Debug|Win32
		{2A9A2326-C724-4EF6-B2F4-5F1BFA271E74}.Debug|x64.ActiveCfg = Debug|Win32
		{2A9A2326-C724-4EF6-B2F4-5F1BFA271E74}.Release|Win32.ActiveCfg = Release|Win32
		{2A9A2326-C724-4EF6-B2F4-5F1BFA271E74}.Release|Win32.Build.0 = Release|Win32
		{2A9A2326-C724-4EF6-B2F4-5F1BFA271E74}.Release|x64.ActiveCfg = Release|Win32
		{73F595C2-374E-4BB3-921B-68FEBD86B2D6}.Debug|Win32.ActiveCfg = Debug|Win32
		{73F595C2-374E-4BB3-921B-68FEBD86B2D6}.Debug|Win32.Build.0 = Debug|Win32
		{73F595C2-374E-4BB3-921B-68FEBD86B2D6}.Debug|x64.ActiveCfg = Debug|Win32
		{73F595C2-374E-4BB3-921B-68FEBD86B2D6}.Release|Win32.ActiveCfg = Release|Win32
		{73F595C2-374E-4BB3-921B-68FEBD86B2D6}.Release|Win32.Build.0 = Release|Win32
		{73F595C2-374E-4BB3-921B-68FEBD86B2D6}.Release|x64.ActiveCfg = Release|Win32
		{B61C54A3-3A69-4C03-9F88-85D9D5C93D67}.Debug|Win32.ActiveCfg = Debug|Win32
		{B61C54A3-3A69-4C03-9F88-85D9D5C93D67}.Debug|Win32.Build.0 = Debug|Win32
		{B61C54A3-3A69-4C03-9F88-85D9D5C93D67}.Debug|x64.ActiveCfg = Debug|Win32
		{B61C54A3-3A69-4C03-9F88-85D9D5C93D67}.Release|Win32.ActiveCfg = Release|Win32
		{B61C54A3-3A69-4C03-9F88-85D9D5C93D67}.Release|Win32.Build.0 = Release|Win32
		{B61C54A3-3A69-4C03-9F88-85D9D5C93D67}.Release|x64.ActiveCfg = Release|Win32
		{4258A5B9-5A71-4A16-B59C-E6CE8C37CFB5}.Debug|Win32.ActiveCfg = Debug|Win32
		{4258A5B9-5A71-4A16-B59C-E6CE8C37CFB5}.Debug|Win32.Build.0 = Debug|Win32
		{4258A5B9-5A71-4A16-B59C-E6CE8C37CFB5}.Debug|x64.ActiveCfg = Debug|Win32
		{4258A5B9-5A71-4A16-B59C-E6CE8C37CFB5}.Release|Win32.ActiveCfg = Release|Win32
		{4258A5B9-5A71-4A16-B59C-E6CE8C37CFB5}.Release|Win32.Build.0 = Release|Win32
		{4258A5B9-5A71-4A16-B59C-E6CE8C37CFB5}.Release|x64.ActiveCfg = Release|Win32
		{5FD75DA1-2A86-4A37-9BA1-3975B865A6BD}.Debug|Win32.ActiveCfg = Debug|Win32
		{5FD75DA1-2A86-4A37-9BA1-3975B865A6BD}.Debug|Win32.Build.0 = Debug|Win32
		{5FD75DA1-2A86-4A37-9BA1-3975B865A6BD}.Debug|x64.ActiveCfg = Debug|Win32
		{5FD75DA1-2A86-4A37-9BA1-3975B865A6BD}.Release|Win32.ActiveCfg = Release|Win32
		{5FD75DA1-2A86-4A37-9BA1-3975B865A6BD}.Release|Win32.Build.0 = Release|Win32
		{5FD75DA1-2A86-4A37-9BA1-3975B865A6BD}.Release|x64.ActiveCfg = Release|Win32
		{86219B7D-36F6-4579-A74A-5AAA2F9B6A08}.Debug|Win32.ActiveCfg = Debug|Win32
		{86219B7D-36F6-4579-A74A-5AAA2F9B6A08}.Debug|Win32.Build.0 = Debug|Win32
		{86219B7D-36F6-4579-A74A-5AAA2F9B6A08}.Debug|x64.ActiveCfg = Debug|Win32
		{86219B7D-36F6-4579-A74A-5AAA2F9B6A08}.Release|Win32.ActiveCfg = Release|Win32
		{86219B7D-36F6-4579-A74A-5AAA2F9B6A08}.Release|Win32.Build.0 = Release|Win32
		{86219B7D-36F6-4579-A74A-5AAA2F9B6A08}.Release|x64.ActiveCfg = Release|Win32
		{97D79479-6BF5-4664-B3FC-C23009B4538B}.Debug|Win32.ActiveCfg = Debug|Win32
		{97D79479-6BF5-4664-B3FC-C23009B4538B}.Debug|Win32.Build.0 = Debug|Win32
		{97D79479-6BF5-4664-B3FC-C23009B4538B}.Debug|x64.ActiveCfg = Debug|Win32
		{97D79479-6BF5-4664-B3FC-C23009B4538B}.Release|Win32.ActiveCfg = Release|Win32
		{97D79479-6BF5-4664-B3FC-C23009B4538B}.Release|Win32.Build.0 = Release|Win32
		{97D79479-6BF5-4664-B3FC-C23009B4538B}.Release|x64.ActiveCfg = Release|Win32
		{FE25EFE2-ACAE-4A6C-91D2-4EE14B008428}.Debug|Win32.ActiveCfg = Debug|Win32
		{FE25EFE2-ACAE-4A6C-91D2-4EE14B008428}.Debug|Win32.Build.0 = Debug|Win32
		{FE25EFE2-ACAE-4A6C-91D2-4EE14B008428}.Debug|x64.ActiveCfg = Debug|Win32
		{FE25EFE2-ACAE-4A6C-91D2-4EE14B008428}.Release|Win32.ActiveCfg = Release|Win32
		{FE25EFE2-ACAE-4A6C-91D2-4EE14B008428}.Release|Win32.Build.0 = Release|Win32
		{FE25EFE2-ACAE-4A6C-91D2-4EE14B008428}.Release|x64.ActiveCfg = Release|Win32
		{842325C1-5020-4DB2-AC0A-D420EE9B9A1D}.Debug|Win32.ActiveCfg = Debug|Win32
		{842325C1-5020-4DB2-AC0A-D420EE9B9A1D}.Debug|Win32.Build.0 = Debug|Win32
		{842325C1-5020-4DB2-AC0A-D420EE9B9A1D}.Debug|x64.ActiveCfg = Debug|Win32
		{842325C1-5020-4DB2-AC0A-D420EE9B9A1D}.Release|Win32.ActiveCfg = Release|Win32
		{842325C1-5020-4DB2-AC0A-D420EE9B9A1D}.Release|Win32.Build.0 = Release|Win32
		{842325C1-5020-4DB2-AC0A-D420EE9B9A1D}.Release|x64.ActiveCfg = Release|Win32
		{4B02176B-F5DF-4AA9-B18A-8D1868A95652}.Debug|Win32.ActiveCfg = Debug|Win32
		{4B02176B-F5DF-4AA9-B18A-8D1868A95652}.Debug|Win32.Build.0 = Debug|Win32
		{4B02176B-F5DF-4AA9-B18A-8D1868A95652}.Debug|x64.ActiveCfg = Debug|Win32
		{4B02176B-F5DF-4AA9-B18A-8D1868A95652}.Release|Win32.ActiveCfg = Release|Win32
		{4B02176B-F5DF-4AA9-B18A-8D1868A95652}.Release|Win32.Build.0 = Release|Win32
		{4B02176B-F5DF-4AA9-B18A-8D1868A95652}.Release|x64.ActiveCfg = Release|Win32
		{E8F23C9F-B29C-4E97-B71C-AE37A891FB5C}.Debug|Win32.ActiveCfg = Debug|Win32
		{E8F23C9F-B29C-4E97-B71C-AE37A891FB5C}.Debug|Win32.Build.0 = Debug|Win32
		{E8F23C9F-B29C-4E97-B71C-AE37A891FB5C}.Debug|x64.ActiveCfg = Debug|Win32
		{E8F23C9F-B29C-4E97-B71C-AE37A891FB5C}.Release|Win32.ActiveCfg = Release|Win32
		{E8F23C9F-B29C-4E97-B71C-AE37A891FB5C}.Release|Win32.Build.0 = Release|Win32
		{E8F23C9F-B29C-4E97-B71C-AE37A891FB5C}.Release|x64.ActiveCfg = Release|Win32
		{D45E5450-9228-4465-AE6A-201BB35CC6F5}.Debug|Win32.ActiveCfg = Debug|Win32
		{D45E5450-9228-4465-AE6A-201BB35CC6F5}.Debug|Win32.Build.0 = Debug|Win32
		{D45E5450-9228-4465-AE6A-201BB35CC6F5}.Debug|x64.ActiveCfg = Debug|Win32
		{D45E5450-9228-4465-AE6A-201BB35CC6F5}.Release|Win32.ActiveCfg = Release|Win32
		{D45E5450-9228-4465-AE6A-201BB35CC6F5}.Release|Win32.Build.0 = Release|Win32
		{D45E5450-9228-4465-AE6A-201BB35CC6F5}.Release|x64.ActiveCfg = Release|Win32
		{4F6BDFD0-6248-4831-9637-4D6DF6A3C4B8}.Debug|Win32.ActiveCfg = Debug|Win32
		{4F6BDFD0-6248-4831-9637-4D6DF6A3C4B8}.Debug|Win32.Build.0 = Debug|Win32
		{4F6BDFD0-6248-4831-9637-4D6DF6A3C4B8}.Debug|x64.ActiveCfg = Debug|Win32
		{4F6BDFD0-6248-4831-9637-4D6DF6A3C4B8}.Release|Win32.ActiveCfg = Release|Win32
		{4F6BDFD0-6248-4831-9637-4D6DF6A3C4B8}.Release|Win32.Build.0 = Release|Win32
		{4F6BDFD0-6248-4831-9637-4D6DF6A3C4B8}.Release|x64.ActiveCfg = Release|Win32
		{0D61EFC8-4450-4CEE-A566-3942219A775E}.Debug|Win32.ActiveCfg = Debug|Win32
		{0D61EFC8-4450-4CEE-A566-3942219A775E}.Debug|Win32.Build.0 = Debug|Win32
		{0D61EFC8-4450-4CEE-A566-3942219A775E}.Debug|x64.ActiveCfg = Debug|Win32
		{0D61EFC8-4450-4CEE-A566-3942219A775E}.Release|Win32.ActiveCfg = Release|Win32
		{0D61EFC8-4450-4CEE-A566-3942219A775E}.Release|Win32.Build.0 = Release|Win32
		{0D61EFC8-4450-4CEE-A566-3942219A775E}.Release|x64.ActiveCfg = Release|Win32
		{AC1CF640-85DE-4BDC-9605-4B735256596F}.Debug|Win32.ActiveCfg = Debug|Win32
		{AC1CF640-85DE-4BDC-9605-4B735256596F}.Debug|Win32.Build.0 = Debug|Win32
		{AC1CF640-85DE-4BDC-9605-4B735256596F}.Debug|x64.ActiveCfg = Debug|Win32
		{AC1CF640-85DE-4BDC-9605-4B735256596F}.Release|Win32.ActiveCfg = Release|Win32
		{AC1CF640-85DE-4BDC-9605-4B735256596F}.Release|Win32.Build.0 = Release|Win32
		{AC1CF640-85DE-4BDC-9605-4B735256596F}.Release|x64.ActiveCfg = Release|Win32
		{AF328955-6AB7-4DFC-A91C-0593C22C0EA8}.Debug|Win32.ActiveCfg = Debug|Win32
		{AF328955-6AB7-4DFC-A91C-0593C22C0EA8}.Debug|Win32.Build.0 = Debug|Win32
		{AF328955-6AB7-4DFC-A91C-0593C22C0EA8}.Debug|x64.ActiveCfg = Debug|Win32
		{AF328955-6AB7-4DFC-A91C-0593C22C0EA8}.Release|Win32.ActiveCfg = Release|Win32
		{AF328955-6AB7-4DFC-A91C-0593C22C0EA8}.Release|Win32.Build.0 = Release|Win32
		{AF328955-6AB7-4DFC-A91C-0593C22C0EA8}.Release|x64.ActiveCfg = Release|Win32
		{7E617423-44E1-41F1-9E35-6B022707351D}.Debug|Win32.ActiveCfg = Debug|Win32
		{7E617423-44E1-41F1-9E35-6B022707351D}.Debug|Win32.Build.0 = Debug|Win32
		{7E617423-44E1-41F1-9E35-6B022707351D}.Debug|x64.ActiveCfg = Debug|x64
		{7E617423-44E1-41F1-9E35-6B022707351D}.Debug|x64.Build.0 = Debug|x64
		{7E617423-44E1-41F1-9E35-6B022707351D}.Release|Win32.ActiveCfg = Release|Win32
		{7E617423-44E1-41F1-9E35-6B022707351D}.Release|Win32.Build.0 = Release|Win32
		{7E617423-44E1-41F1-9E35-6B022707351D}.Release|x64.ActiveCfg = Release|x64
		{7E617423-44E1-41F1-9E35-6B022707351D}.Release|x64.Build.0 = Release|x64
		{68D276FE-BCD5-45D7-A3FF-1432CD3C7A8C}.Debug|Win32.ActiveCfg = Debug|Win32
		{68D276FE-BCD5-45D7-A3FF-1432CD3C7A8C}.Debug|Win32.Build.0 = Debug|Win32
		{68D276FE-BCD5-45D7-A3FF-1432CD3C7A8C}.Debug|x64.ActiveCfg = Debug|Win32
		{68D276FE-BCD5-45D7-A3FF-1432CD3C7A8C}.Release|Win32.ActiveCfg = Release|Win32
		{68D276FE-BCD5-45D7-A3FF-1432CD3C7A8C}.Release|Win32.Build.0 = Release|Win32
		{68D276FE-BCD5-45D7-A3FF-1432CD3C7A8C}.Release|x64.ActiveCfg = Release|Win32
		{04EF0B49-3123-472B-9018-03F8DC338D8A}.Debug|Win32.ActiveCfg = Debug|Win32
		{04EF0B49-3123-472B-9018-03F8DC338D8A}.Debug|Win32.Build.0 = Debug|Win32
		{04EF0B49-3123-472B-9018-03F8DC338D8A}.Debug|x64.ActiveCfg = Debug|Win32
		{04EF0B49-3123-472B-9018-03F8DC338D8A}.Release|Win32.ActiveCfg = Release|Win32
		{04EF0B49-3123-472B-9018-03F8DC338D8A}.Release|Win32.Build.0 = Release|Win32
		{04EF0B49-3123-472B-9018-03F8DC338D8A}.Release|x64.ActiveCfg = Release|Win32
		{14BF9B1F-B252-4482-A0C6-2E3959E40850}.Debug|Win32.ActiveCfg = Debug|Win32
		{14BF9B1F-B252-4482-A0C6-2E3959E40850}.Debug|Win32.Build.0 = Debug|Win32
		{14BF9B1F-B252-4482-A0C6-2E3959E40850}.Debug|x64.ActiveCfg = Debug|Win32
		{14BF9B1F-B252-4482-A0C6-2E3959E40850}.Release|Win32.ActiveCfg = Release|Win32
		{14BF9B1F-B252-4482-A0C6-2E3959E40850}.Release|Win32.Build.0 = Release|Win32
		{14BF9B1F-B252-4482-A0C6-2E3959E40850}.Release|x64.ActiveCfg = Release|Win32
	EndGlobalSection
	GlobalSection(SolutionProperties) = preSolution
		HideSolutionNode = FALSE
	EndGlobalSection
	GlobalSection(NestedProjects) = preSolution
		{E826CBD1-D42C-4CDF-B8D7-7A71C1267ED9} = {18E8C75D-C94D-4008-908B-639F55ED303C}
		{59782610-CD01-4B2F-8041-8C3A6BB145C9} = {18E8C75D-C94D-4008-908B-639F55ED303C}
		{BF96279A-FA3C-4FDB-B110-3B9EC5A0C13F} = {18E8C75D-C94D-4008-908B-639F55ED303C}
		{B61C54A3-3A69-4C03-9F88-85D9D5C93D67} = {18E8C75D-C94D-4008-908B-639F55ED303C}
		{4258A5B9-5A71-4A16-B59C-E6CE8C37CFB5} = {18E8C75D-C94D-4008-908B-639F55ED303C}
		{5FD75DA1-2A86-4A37-9BA1-3975B865A6BD} = {18E8C75D-C94D-4008-908B-639F55ED303C}
		{86219B7D-36F6-4579-A74A-5AAA2F9B6A08} = {18E8C75D-C94D-4008-908B-639F55ED303C}
		{1F483CB5-3767-41E6-BC98-81C575AAA53C} = {59782610-CD01-4B2F-8041-8C3A6BB145C9}
		{C084D4AD-2B12-41F4-93F8-4E8A510525AC} = {59782610-CD01-4B2F-8041-8C3A6BB145C9}
		{242774A1-B691-41E1-A985-8BAB0330DBD4} = {59782610-CD01-4B2F-8041-8C3A6BB145C9}
		{7CEFC356-7114-4736-BFB4-CC3E6C64F68B} = {BF96279A-FA3C-4FDB-B110-3B9EC5A0C13F}
		{2A9A2326-C724-4EF6-B2F4-5F1BFA271E74} = {BF96279A-FA3C-4FDB-B110-3B9EC5A0C13F}
		{73F595C2-374E-4BB3-921B-68FEBD86B2D6} = {BF96279A-FA3C-4FDB-B110-3B9EC5A0C13F}
		{4BD8BCBB-F060-4D32-9174-09B34BB4DCE7} = {7CEFC356-7114-4736-BFB4-CC3E6C64F68B}
		{C7277E98-96F7-474C-8827-62E37037A35E} = {7CEFC356-7114-4736-BFB4-CC3E6C64F68B}
		{4F6BDFD0-6248-4831-9637-4D6DF6A3C4B8} = {765E3059-3ADA-4653-9901-203DAFBE85F7}
		{0D61EFC8-4450-4CEE-A566-3942219A775E} = {765E3059-3ADA-4653-9901-203DAFBE85F7}
	EndGlobalSection
EndGlobal
