
Microsoft Visual Studio Solution File, Format Version 12.00
# Visual Studio 2012
Project("{8BC9CEB8-8B4A-11D0-8D11-00A0C91BC942}") = "attribute_clash", "attribute_clash.vcxproj", "{4BD8BCBB-F060-4D32-9174-09B34BB4DCE7}"
EndProject
Project("{8BC9CEB8-8B4A-11D0-8D11-00A0C91BC942}") = "libpng", "..\..\..\..\..\Projects\Code\libpng\projects\vstudio\libpng\libpng.vcxproj", "{D6973076-9317-4EF2-A0B8-B7A18AC0713E}"
EndProject
Project("{8BC9CEB8-8B4A-11D0-8D11-00A0C91BC942}") = "pnglibconf", "..\..\..\..\..\Projects\Code\libpng\projects\vstudio\pnglibconf\pnglibconf.vcxproj", "{EB33566E-DA7F-4D28-9077-88C0B7C77E35}"
EndProject
Project("{8BC9CEB8-8B4A-11D0-8D11-00A0C91BC942}") = "zlibvc", "..\..\..\..\..\Projects\Code\zlib\contrib\vstudio\vc10\zlibvc.vcxproj", "{8FD826F8-3739-44E6-8CC8-997122E53B8D}"
EndProject
Project("{2150E333-8FDC-42A3-9474-1A3956D46DE8}") = "Solution Items", "Solution Items", "{22C628C5-7958-42D8-BD02-6C58DA333EAD}"
	ProjectSection(SolutionItems) = preProject
		Performance1.psess = Performance1.psess
	EndProjectSection
EndProject
Global
	GlobalSection(SolutionConfigurationPlatforms) = preSolution
		Debug Library|Itanium = Debug Library|Itanium
		Debug Library|Win32 = Debug Library|Win32
		Debug Library|x64 = Debug Library|x64
		Debug|Itanium = Debug|Itanium
		Debug|Win32 = Debug|Win32
		Debug|x64 = Debug|x64
		Release Library|Itanium = Release Library|Itanium
		Release Library|Win32 = Release Library|Win32
		Release Library|x64 = Release Library|x64
		Release|Itanium = Release|Itanium
		Release|Win32 = Release|Win32
		Release|x64 = Release|x64
		ReleaseWithoutAsm|Itanium = ReleaseWithoutAsm|Itanium
		ReleaseWithoutAsm|Win32 = ReleaseWithoutAsm|Win32
		ReleaseWithoutAsm|x64 = ReleaseWithoutAsm|x64
	EndGlobalSection
	GlobalSection(ProjectConfigurationPlatforms) = postSolution
		{4BD8BCBB-F060-4D32-9174-09B34BB4DCE7}.Debug Library|Itanium.ActiveCfg = Debug|Win32
		{4BD8BCBB-F060-4D32-9174-09B34BB4DCE7}.Debug Library|Win32.ActiveCfg = Debug|Win32
		{4BD8BCBB-F060-4D32-9174-09B34BB4DCE7}.Debug Library|Win32.Build.0 = Debug|Win32
		{4BD8BCBB-F060-4D32-9174-09B34BB4DCE7}.Debug Library|x64.ActiveCfg = Debug|Win32
		{4BD8BCBB-F060-4D32-9174-09B34BB4DCE7}.Debug|Itanium.ActiveCfg = Debug|Win32
		{4BD8BCBB-F060-4D32-9174-09B34BB4DCE7}.Debug|Win32.ActiveCfg = Debug|Win32
		{4BD8BCBB-F060-4D32-9174-09B34BB4DCE7}.Debug|Win32.Build.0 = Debug|Win32
		{4BD8BCBB-F060-4D32-9174-09B34BB4DCE7}.Debug|x64.ActiveCfg = Debug|Win32
		{4BD8BCBB-F060-4D32-9174-09B34BB4DCE7}.Release Library|Itanium.ActiveCfg = Release|Win32
		{4BD8BCBB-F060-4D32-9174-09B34BB4DCE7}.Release Library|Win32.ActiveCfg = Release|Win32
		{4BD8BCBB-F060-4D32-9174-09B34BB4DCE7}.Release Library|Win32.Build.0 = Release|Win32
		{4BD8BCBB-F060-4D32-9174-09B34BB4DCE7}.Release Library|x64.ActiveCfg = Release|Win32
		{4BD8BCBB-F060-4D32-9174-09B34BB4DCE7}.Release|Itanium.ActiveCfg = Release|Win32
		{4BD8BCBB-F060-4D32-9174-09B34BB4DCE7}.Release|Win32.ActiveCfg = Release|Win32
		{4BD8BCBB-F060-4D32-9174-09B34BB4DCE7}.Release|Win32.Build.0 = Release|Win32
		{4BD8BCBB-F060-4D32-9174-09B34BB4DCE7}.Release|x64.ActiveCfg = Release|Win32
		{4BD8BCBB-F060-4D32-9174-09B34BB4DCE7}.ReleaseWithoutAsm|Itanium.ActiveCfg = Release|Win32
		{4BD8BCBB-F060-4D32-9174-09B34BB4DCE7}.ReleaseWithoutAsm|Win32.ActiveCfg = Release|Win32
		{4BD8BCBB-F060-4D32-9174-09B34BB4DCE7}.ReleaseWithoutAsm|Win32.Build.0 = Release|Win32
		{4BD8BCBB-F060-4D32-9174-09B34BB4DCE7}.ReleaseWithoutAsm|x64.ActiveCfg = Release|Win32
		{D6973076-9317-4EF2-A0B8-B7A18AC0713E}.Debug Library|Itanium.ActiveCfg = Debug Library|Win32
		{D6973076-9317-4EF2-A0B8-B7A18AC0713E}.Debug Library|Win32.ActiveCfg = Debug Library|Win32
		{D6973076-9317-4EF2-A0B8-B7A18AC0713E}.Debug Library|Win32.Build.0 = Debug Library|Win32
		{D6973076-9317-4EF2-A0B8-B7A18AC0713E}.Debug Library|x64.ActiveCfg = Debug Library|Win32
		{D6973076-9317-4EF2-A0B8-B7A18AC0713E}.Debug|Itanium.ActiveCfg = Debug|Win32
		{D6973076-9317-4EF2-A0B8-B7A18AC0713E}.Debug|Win32.ActiveCfg = Debug|Win32
		{D6973076-9317-4EF2-A0B8-B7A18AC0713E}.Debug|Win32.Build.0 = Debug|Win32
		{D6973076-9317-4EF2-A0B8-B7A18AC0713E}.Debug|x64.ActiveCfg = Debug|Win32
		{D6973076-9317-4EF2-A0B8-B7A18AC0713E}.Release Library|Itanium.ActiveCfg = Release Library|Win32
		{D6973076-9317-4EF2-A0B8-B7A18AC0713E}.Release Library|Win32.ActiveCfg = Release Library|Win32
		{D6973076-9317-4EF2-A0B8-B7A18AC0713E}.Release Library|Win32.Build.0 = Release Library|Win32
		{D6973076-9317-4EF2-A0B8-B7A18AC0713E}.Release Library|x64.ActiveCfg = Release Library|Win32
		{D6973076-9317-4EF2-A0B8-B7A18AC0713E}.Release|Itanium.ActiveCfg = Release|Win32
		{D6973076-9317-4EF2-A0B8-B7A18AC0713E}.Release|Win32.ActiveCfg = Release|Win32
		{D6973076-9317-4EF2-A0B8-B7A18AC0713E}.Release|Win32.Build.0 = Release|Win32
		{D6973076-9317-4EF2-A0B8-B7A18AC0713E}.Release|x64.ActiveCfg = Release|Win32
		{D6973076-9317-4EF2-A0B8-B7A18AC0713E}.ReleaseWithoutAsm|Itanium.ActiveCfg = Release|Win32
		{D6973076-9317-4EF2-A0B8-B7A18AC0713E}.ReleaseWithoutAsm|Win32.ActiveCfg = Release|Win32
		{D6973076-9317-4EF2-A0B8-B7A18AC0713E}.ReleaseWithoutAsm|Win32.Build.0 = Release|Win32
		{D6973076-9317-4EF2-A0B8-B7A18AC0713E}.ReleaseWithoutAsm|x64.ActiveCfg = Release|Win32
		{EB33566E-DA7F-4D28-9077-88C0B7C77E35}.Debug Library|Itanium.ActiveCfg = Release|Win32
		{EB33566E-DA7F-4D28-9077-88C0B7C77E35}.Debug Library|Win32.ActiveCfg = Release|Win32
		{EB33566E-DA7F-4D28-9077-88C0B7C77E35}.Debug Library|Win32.Build.0 = Release|Win32
		{EB33566E-DA7F-4D28-9077-88C0B7C77E35}.Debug Library|x64.ActiveCfg = Release|Win32
		{EB33566E-DA7F-4D28-9077-88C0B7C77E35}.Debug|Itanium.ActiveCfg = Release|Win32
		{EB33566E-DA7F-4D28-9077-88C0B7C77E35}.Debug|Win32.ActiveCfg = Release|Win32
		{EB33566E-DA7F-4D28-9077-88C0B7C77E35}.Debug|Win32.Build.0 = Release|Win32
		{EB33566E-DA7F-4D28-9077-88C0B7C77E35}.Debug|x64.ActiveCfg = Release|Win32
		{EB33566E-DA7F-4D28-9077-88C0B7C77E35}.Release Library|Itanium.ActiveCfg = Release|Win32
		{EB33566E-DA7F-4D28-9077-88C0B7C77E35}.Release Library|Win32.ActiveCfg = Release|Win32
		{EB33566E-DA7F-4D28-9077-88C0B7C77E35}.Release Library|Win32.Build.0 = Release|Win32
		{EB33566E-DA7F-4D28-9077-88C0B7C77E35}.Release Library|x64.ActiveCfg = Release|Win32
		{EB33566E-DA7F-4D28-9077-88C0B7C77E35}.Release|Itanium.ActiveCfg = Release|Win32
		{EB33566E-DA7F-4D28-9077-88C0B7C77E35}.Release|Win32.ActiveCfg = Release|Win32
		{EB33566E-DA7F-4D28-9077-88C0B7C77E35}.Release|Win32.Build.0 = Release|Win32
		{EB33566E-DA7F-4D28-9077-88C0B7C77E35}.Release|x64.ActiveCfg = Release|Win32
		{EB33566E-DA7F-4D28-9077-88C0B7C77E35}.ReleaseWithoutAsm|Itanium.ActiveCfg = Release|Win32
		{EB33566E-DA7F-4D28-9077-88C0B7C77E35}.ReleaseWithoutAsm|Win32.ActiveCfg = Release|Win32
		{EB33566E-DA7F-4D28-9077-88C0B7C77E35}.ReleaseWithoutAsm|Win32.Build.0 = Release|Win32
		{EB33566E-DA7F-4D28-9077-88C0B7C77E35}.ReleaseWithoutAsm|x64.ActiveCfg = Release|Win32
		{8FD826F8-3739-44E6-8CC8-997122E53B8D}.Debug Library|Itanium.ActiveCfg = Debug|x64
		{8FD826F8-3739-44E6-8CC8-997122E53B8D}.Debug Library|Win32.ActiveCfg = Debug|x64
		{8FD826F8-3739-44E6-8CC8-997122E53B8D}.Debug Library|x64.ActiveCfg = Debug|x64
		{8FD826F8-3739-44E6-8CC8-997122E53B8D}.Debug Library|x64.Build.0 = Debug|x64
		{8FD826F8-3739-44E6-8CC8-997122E53B8D}.Debug|Itanium.ActiveCfg = Debug|Win32
		{8FD826F8-3739-44E6-8CC8-997122E53B8D}.Debug|Win32.ActiveCfg = Debug|Win32
		{8FD826F8-3739-44E6-8CC8-997122E53B8D}.Debug|Win32.Build.0 = Debug|Win32
		{8FD826F8-3739-44E6-8CC8-997122E53B8D}.Debug|x64.ActiveCfg = Debug|x64
		{8FD826F8-3739-44E6-8CC8-997122E53B8D}.Debug|x64.Build.0 = Debug|x64
		{8FD826F8-3739-44E6-8CC8-997122E53B8D}.Release Library|Itanium.ActiveCfg = Release|x64
		{8FD826F8-3739-44E6-8CC8-997122E53B8D}.Release Library|Win32.ActiveCfg = Release|x64
		{8FD826F8-3739-44E6-8CC8-997122E53B8D}.Release Library|x64.ActiveCfg = Release|x64
		{8FD826F8-3739-44E6-8CC8-997122E53B8D}.Release Library|x64.Build.0 = Release|x64
		{8FD826F8-3739-44E6-8CC8-997122E53B8D}.Release|Itanium.ActiveCfg = Release|Win32
		{8FD826F8-3739-44E6-8CC8-997122E53B8D}.Release|Win32.ActiveCfg = Release|Win32
		{8FD826F8-3739-44E6-8CC8-997122E53B8D}.Release|Win32.Build.0 = Release|Win32
		{8FD826F8-3739-44E6-8CC8-997122E53B8D}.Release|x64.ActiveCfg = Release|x64
		{8FD826F8-3739-44E6-8CC8-997122E53B8D}.Release|x64.Build.0 = Release|x64
		{8FD826F8-3739-44E6-8CC8-997122E53B8D}.ReleaseWithoutAsm|Itanium.ActiveCfg = ReleaseWithoutAsm|Win32
		{8FD826F8-3739-44E6-8CC8-997122E53B8D}.ReleaseWithoutAsm|Win32.ActiveCfg = ReleaseWithoutAsm|Win32
		{8FD826F8-3739-44E6-8CC8-997122E53B8D}.ReleaseWithoutAsm|Win32.Build.0 = ReleaseWithoutAsm|Win32
		{8FD826F8-3739-44E6-8CC8-997122E53B8D}.ReleaseWithoutAsm|x64.ActiveCfg = ReleaseWithoutAsm|x64
		{8FD826F8-3739-44E6-8CC8-997122E53B8D}.ReleaseWithoutAsm|x64.Build.0 = ReleaseWithoutAsm|x64
	EndGlobalSection
	GlobalSection(SolutionProperties) = preSolution
		HideSolutionNode = FALSE
	EndGlobalSection
EndGlobal
