<?xml version="1.0" encoding="utf-8"?>
<Project ToolsVersion="4.0" xmlns="http://schemas.microsoft.com/developer/msbuild/2003">
  <ItemGroup>
    <ClInclude Include="..\include\alfe\array.h">
      <Filter>ALFE</Filter>
    </ClInclude>
    <ClInclude Include="..\include\alfe\assert.h">
      <Filter>ALFE</Filter>
    </ClInclude>
    <ClInclude Include="..\include\alfe\character_source.h">
      <Filter>ALFE</Filter>
    </ClInclude>
    <ClInclude Include="..\include\alfe\concrete.h">
      <Filter>ALFE</Filter>
    </ClInclude>
    <ClInclude Include="..\include\alfe\concrete_functions.h">
      <Filter>ALFE</Filter>
    </ClInclude>
    <ClInclude Include="..\include\alfe\config_file.h">
      <Filter>ALFE</Filter>
    </ClInclude>
    <ClInclude Include="..\include\alfe\exception.h">
      <Filter>ALFE</Filter>
    </ClInclude>
    <ClInclude Include="..\include\alfe\expression.h">
      <Filter>ALFE</Filter>
    </ClInclude>
    <ClInclude Include="..\include\alfe\file.h">
      <Filter>ALFE</Filter>
    </ClInclude>
    <ClInclude Include="..\include\alfe\file_stream.h">
      <Filter>ALFE</Filter>
    </ClInclude>
    <ClInclude Include="..\include\alfe\function.h">
      <Filter>ALFE</Filter>
    </ClInclude>
    <ClInclude Include="..\include\alfe\handle.h">
      <Filter>ALFE</Filter>
    </ClInclude>
    <ClInclude Include="..\include\alfe\hash_table.h">
      <Filter>ALFE</Filter>
    </ClInclude>
    <ClInclude Include="..\include\alfe\identifier.h">
      <Filter>ALFE</Filter>
    </ClInclude>
    <ClInclude Include="..\include\alfe\integer_functions.h">
      <Filter>ALFE</Filter>
    </ClInclude>
    <ClInclude Include="..\include\alfe\integer_types.h">
      <Filter>ALFE</Filter>
    </ClInclude>
    <ClInclude Include="..\include\alfe\kind.h">
      <Filter>ALFE</Filter>
    </ClInclude>
    <ClInclude Include="..\include\alfe\main.h">
      <Filter>ALFE</Filter>
    </ClInclude>
    <ClInclude Include="..\include\alfe\nullary.h">
      <Filter>ALFE</Filter>
    </ClInclude>
    <ClInclude Include="..\include\alfe\operator.h">
      <Filter>ALFE</Filter>
    </ClInclude>
    <ClInclude Include="..\include\alfe\parse_tree_object.h">
      <Filter>ALFE</Filter>
    </ClInclude>
    <ClInclude Include="..\include\alfe\pipes.h">
      <Filter>ALFE</Filter>
    </ClInclude>
    <ClInclude Include="..\include\alfe\rational.h">
      <Filter>ALFE</Filter>
    </ClInclude>
    <ClInclude Include="..\include\alfe\rational_functions.h">
      <Filter>ALFE</Filter>
    </ClInclude>
    <ClInclude Include="..\include\alfe\space.h">
      <Filter>ALFE</Filter>
    </ClInclude>
    <ClInclude Include="..\include\alfe\stream.h">
      <Filter>ALFE</Filter>
    </ClInclude>
    <ClInclude Include="..\include\alfe\string.h">
      <Filter>ALFE</Filter>
    </ClInclude>
    <ClInclude Include="..\include\alfe\string_functions.h">
      <Filter>ALFE</Filter>
    </ClInclude>
    <ClInclude Include="..\include\alfe\type.h">
      <Filter>ALFE</Filter>
    </ClInclude>
    <ClInclude Include="..\include\alfe\type_specifier.h">
      <Filter>ALFE</Filter>
    </ClInclude>
    <ClInclude Include="..\include\alfe\uncopyable.h">
      <Filter>ALFE</Filter>
    </ClInclude>
    <ClInclude Include="cga.h">
      <Filter>Berapa</Filter>
    </ClInclude>
    <ClInclude Include="dma_page_registers.h">
      <Filter>Berapa</Filter>
    </ClInclude>
    <ClInclude Include="dram.h">
      <Filter>Berapa</Filter>
    </ClInclude>
    <ClInclude Include="isa_8_bit_bus.h">
      <Filter>Berapa</Filter>
    </ClInclude>
    <ClInclude Include="nmi_switch.h">
      <Filter>Berapa</Filter>
    </ClInclude>
    <ClInclude Include="pcxt_keyboard.h">
      <Filter>Berapa</Filter>
    </ClInclude>
    <ClInclude Include="pcxt_keyboard_port.h">
      <Filter>Berapa</Filter>
    </ClInclude>
    <ClInclude Include="ram.h">
      <Filter>Berapa</Filter>
    </ClInclude>
    <ClInclude Include="rgbi_monitor.h">
      <Filter>Berapa</Filter>
    </ClInclude>
    <ClInclude Include="rom.h">
      <Filter>Berapa</Filter>
    </ClInclude>
    <ClInclude Include="..\include\alfe\hash.h">
      <Filter>ALFE</Filter>
    </ClInclude>
    <ClInclude Include="..\include\alfe\tuple.h">
      <Filter>ALFE</Filter>
    </ClInclude>
    <ClInclude Include="..\include\alfe\any.h">
      <Filter>ALFE</Filter>
    </ClInclude>
    <ClInclude Include="..\include\alfe\reference.h">
      <Filter>ALFE</Filter>
    </ClInclude>
    <ClInclude Include="i8088cpu.h">
      <Filter>Berapa</Filter>
    </ClInclude>
    <ClInclude Include="i8237dmac.h">
      <Filter>Berapa</Filter>
    </ClInclude>
    <ClInclude Include="i8253pit.h">
      <Filter>Berapa</Filter>
    </ClInclude>
    <ClInclude Include="i8255ppi.h">
      <Filter>Berapa</Filter>
    </ClInclude>
    <ClInclude Include="i8259pic.h">
      <Filter>Berapa</Filter>
    </ClInclude>
    <ClInclude Include="mc6845crtc.h">
      <Filter>Berapa</Filter>
    </ClInclude>
  </ItemGroup>
  <ItemGroup>
    <Filter Include="ALFE">
      <UniqueIdentifier>{8fce6a5b-74ad-44d0-8393-bca5094898a3}</UniqueIdentifier>
    </Filter>
    <Filter Include="Berapa">
      <UniqueIdentifier>{eb520ff5-0d22-4cb8-8c5b-645bdc24129e}</UniqueIdentifier>
    </Filter>
  </ItemGroup>
  <ItemGroup>
    <ClCompile Include="berapa.cpp">
      <Filter>Berapa</Filter>
    </ClCompile>
  </ItemGroup>
  <ItemGroup>
    <Natvis Include="NatvisFile.natvis" />
  </ItemGroup>
</Project>