
Microsoft Visual Studio Solution File, Format Version 11.00
# Visual Studio 2010
Project("{8BC9CEB8-8B4A-11D0-8D11-00A0C91BC942}") = "berapa", "berapa.vcxproj", "{E826CBD1-D42C-4CDF-B8D7-7A71C1267ED9}"
EndProject
Global
	GlobalSection(SolutionConfigurationPlatforms) = preSolution
		Debug|Win32 = Debug|Win32
		Release|Win32 = Release|Win32
	EndGlobalSection
	GlobalSection(ProjectConfigurationPlatforms) = postSolution
		{E826CBD1-D42C-4CDF-B8D7-7A71C1267ED9}.Debug|Win32.ActiveCfg = Debug|Win32
		{E826CBD1-D42C-4CDF-B8D7-7A71C1267ED9}.Debug|Win32.Build.0 = Debug|Win32
		{E826CBD1-D42C-4CDF-B8D7-7A71C1267ED9}.Release|Win32.ActiveCfg = Release|Win32
		{E826CBD1-D42C-4CDF-B8D7-7A71C1267ED9}.Release|Win32.Build.0 = Release|Win32
	EndGlobalSection
	GlobalSection(SolutionProperties) = preSolution
		HideSolutionNode = FALSE
	EndGlobalSection
EndGlobal
