
Microsoft Visual Studio Solution File, Format Version 12.00
# Visual Studio 15
VisualStudioVersion = 15.0.26730.10
MinimumVisualStudioVersion = 10.0.40219.1
Project("{8BC9CEB8-8B4A-11D0-8D11-00A0C91BC942}") = "gentests", "gentests.vcxproj", "{95BBABB0-1673-461B-AE7E-EA1CB7DC1DBB}"
EndProject
Project("{2150E333-8FDC-42A3-9474-1A3956D46DE8}") = "Solution Items", "Solution Items", "{3B500761-D55D-4069-B715-465DFC92D2B9}"
EndProject
Global
	GlobalSection(SolutionConfigurationPlatforms) = preSolution
		Debug|x64 = Debug|x64
		Debug|x86 = Debug|x86
		Release|x64 = Release|x64
		Release|x86 = Release|x86
		Unoptimized release|x64 = Unoptimized release|x64
		Unoptimized release|x86 = Unoptimized release|x86
	EndGlobalSection
	GlobalSection(ProjectConfigurationPlatforms) = postSolution
		{95BBABB0-1673-461B-AE7E-EA1CB7DC1DBB}.Debug|x64.ActiveCfg = Debug|x64
		{95BBABB0-1673-461B-AE7E-EA1CB7DC1DBB}.Debug|x64.Build.0 = Debug|x64
		{95BBABB0-1673-461B-AE7E-EA1CB7DC1DBB}.Debug|x86.ActiveCfg = Debug|Win32
		{95BBABB0-1673-461B-AE7E-EA1CB7DC1DBB}.Debug|x86.Build.0 = Debug|Win32
		{95BBABB0-1673-461B-AE7E-EA1CB7DC1DBB}.Release|x64.ActiveCfg = Release|x64
		{95BBABB0-1673-461B-AE7E-EA1CB7DC1DBB}.Release|x64.Build.0 = Release|x64
		{95BBABB0-1673-461B-AE7E-EA1CB7DC1DBB}.Release|x86.ActiveCfg = Release|Win32
		{95BBABB0-1673-461B-AE7E-EA1CB7DC1DBB}.Release|x86.Build.0 = Release|Win32
		{95BBABB0-1673-461B-AE7E-EA1CB7DC1DBB}.Unoptimized release|x64.ActiveCfg = Unoptimized release|x64
		{95BBABB0-1673-461B-AE7E-EA1CB7DC1DBB}.Unoptimized release|x64.Build.0 = Unoptimized release|x64
		{95BBABB0-1673-461B-AE7E-EA1CB7DC1DBB}.Unoptimized release|x86.ActiveCfg = Unoptimized release|Win32
		{95BBABB0-1673-461B-AE7E-EA1CB7DC1DBB}.Unoptimized release|x86.Build.0 = Unoptimized release|Win32
	EndGlobalSection
	GlobalSection(SolutionProperties) = preSolution
		HideSolutionNode = FALSE
	EndGlobalSection
	GlobalSection(ExtensibilityGlobals) = postSolution
		SolutionGuid = {8CFF3D3D-670E-4106-A211-E2BA854AC918}
	EndGlobalSection
EndGlobal
