
Microsoft Visual Studio Solution File, Format Version 11.00
# Visual Studio 2010
Project("{8BC9CEB8-8B4A-11D0-8D11-00A0C91BC942}") = "bif", "bif.vcxproj", "{E8F23C9F-B29C-4E97-B71C-AE37A891FB5C}"
EndProject
Global
	GlobalSection(SolutionConfigurationPlatforms) = preSolution
		Debug|Win32 = Debug|Win32
		Release|Win32 = Release|Win32
	EndGlobalSection
	GlobalSection(ProjectConfigurationPlatforms) = postSolution
		{E8F23C9F-B29C-4E97-B71C-AE37A891FB5C}.Debug|Win32.ActiveCfg = Debug|Win32
		{E8F23C9F-B29C-4E97-B71C-AE37A891FB5C}.Debug|Win32.Build.0 = Debug|Win32
		{E8F23C9F-B29C-4E97-B71C-AE37A891FB5C}.Release|Win32.ActiveCfg = Release|Win32
		{E8F23C9F-B29C-4E97-B71C-AE37A891FB5C}.Release|Win32.Build.0 = Release|Win32
	EndGlobalSection
	GlobalSection(SolutionProperties) = preSolution
		HideSolutionNode = FALSE
	EndGlobalSection
EndGlobal
