
Microsoft Visual Studio Solution File, Format Version 12.00
# Visual Studio Version 16
VisualStudioVersion = 16.0.29920.165
MinimumVisualStudioVersion = 10.0.40219.1
Project("{8BC9CEB8-8B4A-11D0-8D11-00A0C91BC942}") = "find_missing_files", "find_missing_files.vcxproj", "{CFE6B39B-3D8F-4B1D-9BD9-95943C198C83}"
EndProject
Global
	GlobalSection(SolutionConfigurationPlatforms) = preSolution
		Debug|x64 = Debug|x64
		Debug|x86 = Debug|x86
		Release|x64 = Release|x64
		Release|x86 = Release|x86
	EndGlobalSection
	GlobalSection(ProjectConfigurationPlatforms) = postSolution
		{CFE6B39B-3D8F-4B1D-9BD9-95943C198C83}.Debug|x64.ActiveCfg = Debug|x64
		{CFE6B39B-3D8F-4B1D-9BD9-95943C198C83}.Debug|x64.Build.0 = Debug|x64
		{CFE6B39B-3D8F-4B1D-9BD9-95943C198C83}.Debug|x86.ActiveCfg = Debug|Win32
		{CFE6B39B-3D8F-4B1D-9BD9-95943C198C83}.Debug|x86.Build.0 = Debug|Win32
		{CFE6B39B-3D8F-4B1D-9BD9-95943C198C83}.Release|x64.ActiveCfg = Release|x64
		{CFE6B39B-3D8F-4B1D-9BD9-95943C198C83}.Release|x64.Build.0 = Release|x64
		{CFE6B39B-3D8F-4B1D-9BD9-95943C198C83}.Release|x86.ActiveCfg = Release|Win32
		{CFE6B39B-3D8F-4B1D-9BD9-95943C198C83}.Release|x86.Build.0 = Release|Win32
	EndGlobalSection
	GlobalSection(SolutionProperties) = preSolution
		HideSolutionNode = FALSE
	EndGlobalSection
	GlobalSection(ExtensibilityGlobals) = postSolution
		SolutionGuid = {2FA271FE-4D4D-43C7-990C-E2EF0B2BCCAB}
	EndGlobalSection
EndGlobal
