
Microsoft Visual Studio Solution File, Format Version 11.00
# Visual Studio 2010
Project("{8BC9CEB8-8B4A-11D0-8D11-00A0C91BC942}") = "raster", "raster.vcxproj", "{C7277E98-96F7-474C-8827-62E37037A35E}"
EndProject
Global
	GlobalSection(SolutionConfigurationPlatforms) = preSolution
		Debug|Win32 = Debug|Win32
		Release|Win32 = Release|Win32
	EndGlobalSection
	GlobalSection(ProjectConfigurationPlatforms) = postSolution
		{C7277E98-96F7-474C-8827-62E37037A35E}.Debug|Win32.ActiveCfg = Debug|Win32
		{C7277E98-96F7-474C-8827-62E37037A35E}.Debug|Win32.Build.0 = Debug|Win32
		{C7277E98-96F7-474C-8827-62E37037A35E}.Release|Win32.ActiveCfg = Release|Win32
		{C7277E98-96F7-474C-8827-62E37037A35E}.Release|Win32.Build.0 = Release|Win32
	EndGlobalSection
	GlobalSection(SolutionProperties) = preSolution
		HideSolutionNode = FALSE
	EndGlobalSection
EndGlobal
