
Microsoft Visual Studio Solution File, Format Version 12.00
# Visual Studio Version 16
VisualStudioVersion = 16.0.30225.117
MinimumVisualStudioVersion = 10.0.40219.1
Project("{8BC9CEB8-8B4A-11D0-8D11-00A0C91BC942}") = "rgbi_capture", "rgbi_capture.vcxproj", "{1DAD29BD-D4E9-45EB-95A2-E9C06EE1CD3D}"
EndProject
Global
	GlobalSection(SolutionConfigurationPlatforms) = preSolution
		Debug|x64 = Debug|x64
		Debug|x86 = Debug|x86
		Release|x64 = Release|x64
		Release|x86 = Release|x86
	EndGlobalSection
	GlobalSection(ProjectConfigurationPlatforms) = postSolution
		{1DAD29BD-D4E9-45EB-95A2-E9C06EE1CD3D}.Debug|x64.ActiveCfg = Debug|x64
		{1DAD29BD-D4E9-45EB-95A2-E9C06EE1CD3D}.Debug|x64.Build.0 = Debug|x64
		{1DAD29BD-D4E9-45EB-95A2-E9C06EE1CD3D}.Debug|x86.ActiveCfg = Debug|Win32
		{1DAD29BD-D4E9-45EB-95A2-E9C06EE1CD3D}.Debug|x86.Build.0 = Debug|Win32
		{1DAD29BD-D4E9-45EB-95A2-E9C06EE1CD3D}.Release|x64.ActiveCfg = Release|x64
		{1DAD29BD-D4E9-45EB-95A2-E9C06EE1CD3D}.Release|x64.Build.0 = Release|x64
		{1DAD29BD-D4E9-45EB-95A2-E9C06EE1CD3D}.Release|x86.ActiveCfg = Release|Win32
		{1DAD29BD-D4E9-45EB-95A2-E9C06EE1CD3D}.Release|x86.Build.0 = Release|Win32
	EndGlobalSection
	GlobalSection(SolutionProperties) = preSolution
		HideSolutionNode = FALSE
	EndGlobalSection
	GlobalSection(ExtensibilityGlobals) = postSolution
		SolutionGuid = {0189AD8C-308A-48BE-AFAD-334E4BDDCA35}
	EndGlobalSection
EndGlobal
