
Microsoft Visual Studio Solution File, Format Version 11.00
# Visual Studio 2010
Project("{8BC9CEB8-8B4A-11D0-8D11-00A0C91BC942}") = "artifact_encode", "artifact_encode.vcxproj", "{04DF78E4-EA57-4850-AD11-64BF0EE736B8}"
EndProject
Global
	GlobalSection(SolutionConfigurationPlatforms) = preSolution
		Debug|Win32 = Debug|Win32
		Release|Win32 = Release|Win32
	EndGlobalSection
	GlobalSection(ProjectConfigurationPlatforms) = postSolution
		{04DF78E4-EA57-4850-AD11-64BF0EE736B8}.Debug|Win32.ActiveCfg = Debug|Win32
		{04DF78E4-EA57-4850-AD11-64BF0EE736B8}.Debug|Win32.Build.0 = Debug|Win32
		{04DF78E4-EA57-4850-AD11-64BF0EE736B8}.Release|Win32.ActiveCfg = Release|Win32
		{04DF78E4-EA57-4850-AD11-64BF0EE736B8}.Release|Win32.Build.0 = Release|Win32
	EndGlobalSection
	GlobalSection(SolutionProperties) = preSolution
		HideSolutionNode = FALSE
	EndGlobalSection
EndGlobal
